
Microsoft Visual Studio Solution File, Format Version 12.00
# Visual Studio Version 16
VisualStudioVersion = 16.0.29806.167
MinimumVisualStudioVersion = 10.0.40219.1
Project("{FAE04EC0-301F-11D3-BF4B-00C04F79EFBC}") = "XamarinFirst.Android", "XamarinFirst\XamarinFirst.Android\XamarinFirst.Android.csproj", "{5DDA8145-A5C8-4650-B34F-A5AF435E389C}"
EndProject
Project("{FAE04EC0-301F-11D3-BF4B-00C04F79EFBC}") = "XamarinFirst.iOS", "XamarinFirst\XamarinFirst.iOS\XamarinFirst.iOS.csproj", "{E645AF6E-AAAB-4965-AC13-04CBB51AF7B1}"
EndProject
Project("{FAE04EC0-301F-11D3-BF4B-00C04F79EFBC}") = "XamarinFirst", "XamarinFirst\XamarinFirst\XamarinFirst.csproj", "{DC34E229-F12D-461F-80AA-2474F0AA4FBF}"
EndProject
Global
	GlobalSection(SolutionConfigurationPlatforms) = preSolution
		Debug|Any CPU = Debug|Any CPU
		Debug|iPhone = Debug|iPhone
		Debug|iPhoneSimulator = Debug|iPhoneSimulator
		Release|Any CPU = Release|Any CPU
		Release|iPhone = Release|iPhone
		Release|iPhoneSimulator = Release|iPhoneSimulator
	EndGlobalSection
	GlobalSection(ProjectConfigurationPlatforms) = postSolution
		{5DDA8145-A5C8-4650-B34F-A5AF435E389C}.Debug|Any CPU.ActiveCfg = Debug|Any CPU
		{5DDA8145-A5C8-4650-B34F-A5AF435E389C}.Debug|Any CPU.Build.0 = Debug|Any CPU
		{5DDA8145-A5C8-4650-B34F-A5AF435E389C}.Debug|Any CPU.Deploy.0 = Debug|Any CPU
		{5DDA8145-A5C8-4650-B34F-A5AF435E389C}.Debug|iPhone.ActiveCfg = Debug|Any CPU
		{5DDA8145-A5C8-4650-B34F-A5AF435E389C}.Debug|iPhone.Build.0 = Debug|Any CPU
		{5DDA8145-A5C8-4650-B34F-A5AF435E389C}.Debug|iPhone.Deploy.0 = Debug|Any CPU
		{5DDA8145-A5C8-4650-B34F-A5AF435E389C}.Debug|iPhoneSimulator.ActiveCfg = Debug|Any CPU
		{5DDA8145-A5C8-4650-B34F-A5AF435E389C}.Debug|iPhoneSimulator.Build.0 = Debug|Any CPU
		{5DDA8145-A5C8-4650-B34F-A5AF435E389C}.Debug|iPhoneSimulator.Deploy.0 = Debug|Any CPU
		{5DDA8145-A5C8-4650-B34F-A5AF435E389C}.Release|Any CPU.ActiveCfg = Release|Any CPU
		{5DDA8145-A5C8-4650-B34F-A5AF435E389C}.Release|Any CPU.Build.0 = Release|Any CPU
		{5DDA8145-A5C8-4650-B34F-A5AF435E389C}.Release|Any CPU.Deploy.0 = Release|Any CPU
		{5DDA8145-A5C8-4650-B34F-A5AF435E389C}.Release|iPhone.ActiveCfg = Release|Any CPU
		{5DDA8145-A5C8-4650-B34F-A5AF435E389C}.Release|iPhone.Build.0 = Release|Any CPU
		{5DDA8145-A5C8-4650-B34F-A5AF435E389C}.Release|iPhone.Deploy.0 = Release|Any CPU
		{5DDA8145-A5C8-4650-B34F-A5AF435E389C}.Release|iPhoneSimulator.ActiveCfg = Release|Any CPU
		{5DDA8145-A5C8-4650-B34F-A5AF435E389C}.Release|iPhoneSimulator.Build.0 = Release|Any CPU
		{5DDA8145-A5C8-4650-B34F-A5AF435E389C}.Release|iPhoneSimulator.Deploy.0 = Release|Any CPU
		{E645AF6E-AAAB-4965-AC13-04CBB51AF7B1}.Debug|Any CPU.ActiveCfg = Debug|iPhoneSimulator
		{E645AF6E-AAAB-4965-AC13-04CBB51AF7B1}.Debug|Any CPU.Build.0 = Debug|iPhoneSimulator
		{E645AF6E-AAAB-4965-AC13-04CBB51AF7B1}.Debug|Any CPU.Deploy.0 = Debug|iPhoneSimulator
		{E645AF6E-AAAB-4965-AC13-04CBB51AF7B1}.Debug|iPhone.ActiveCfg = Debug|iPhone
		{E645AF6E-AAAB-4965-AC13-04CBB51AF7B1}.Debug|iPhone.Build.0 = Debug|iPhone
		{E645AF6E-AAAB-4965-AC13-04CBB51AF7B1}.Debug|iPhone.Deploy.0 = Debug|iPhone
		{E645AF6E-AAAB-4965-AC13-04CBB51AF7B1}.Debug|iPhoneSimulator.ActiveCfg = Debug|iPhoneSimulator
		{E645AF6E-AAAB-4965-AC13-04CBB51AF7B1}.Debug|iPhoneSimulator.Build.0 = Debug|iPhoneSimulator
		{E645AF6E-AAAB-4965-AC13-04CBB51AF7B1}.Debug|iPhoneSimulator.Deploy.0 = Debug|iPhoneSimulator
		{E645AF6E-AAAB-4965-AC13-04CBB51AF7B1}.Release|Any CPU.ActiveCfg = Release|iPhone
		{E645AF6E-AAAB-4965-AC13-04CBB51AF7B1}.Release|Any CPU.Build.0 = Release|iPhone
		{E645AF6E-AAAB-4965-AC13-04CBB51AF7B1}.Release|Any CPU.Deploy.0 = Release|iPhone
		{E645AF6E-AAAB-4965-AC13-04CBB51AF7B1}.Release|iPhone.ActiveCfg = Release|iPhone
		{E645AF6E-AAAB-4965-AC13-04CBB51AF7B1}.Release|iPhone.Build.0 = Release|iPhone
		{E645AF6E-AAAB-4965-AC13-04CBB51AF7B1}.Release|iPhone.Deploy.0 = Release|iPhone
		{E645AF6E-AAAB-4965-AC13-04CBB51AF7B1}.Release|iPhoneSimulator.ActiveCfg = Release|iPhoneSimulator
		{E645AF6E-AAAB-4965-AC13-04CBB51AF7B1}.Release|iPhoneSimulator.Build.0 = Release|iPhoneSimulator
		{E645AF6E-AAAB-4965-AC13-04CBB51AF7B1}.Release|iPhoneSimulator.Deploy.0 = Release|iPhoneSimulator
		{DC34E229-F12D-461F-80AA-2474F0AA4FBF}.Debug|Any CPU.ActiveCfg = Debug|Any CPU
		{DC34E229-F12D-461F-80AA-2474F0AA4FBF}.Debug|Any CPU.Build.0 = Debug|Any CPU
		{DC34E229-F12D-461F-80AA-2474F0AA4FBF}.Debug|Any CPU.Deploy.0 = Debug|Any CPU
		{DC34E229-F12D-461F-80AA-2474F0AA4FBF}.Debug|iPhone.ActiveCfg = Debug|Any CPU
		{DC34E229-F12D-461F-80AA-2474F0AA4FBF}.Debug|iPhone.Build.0 = Debug|Any CPU
		{DC34E229-F12D-461F-80AA-2474F0AA4FBF}.Debug|iPhone.Deploy.0 = Debug|Any CPU
		{DC34E229-F12D-461F-80AA-2474F0AA4FBF}.Debug|iPhoneSimulator.ActiveCfg = Debug|Any CPU
		{DC34E229-F12D-461F-80AA-2474F0AA4FBF}.Debug|iPhoneSimulator.Build.0 = Debug|Any CPU
		{DC34E229-F12D-461F-80AA-2474F0AA4FBF}.Debug|iPhoneSimulator.Deploy.0 = Debug|Any CPU
		{DC34E229-F12D-461F-80AA-2474F0AA4FBF}.Release|Any CPU.ActiveCfg = Release|Any CPU
		{DC34E229-F12D-461F-80AA-2474F0AA4FBF}.Release|Any CPU.Build.0 = Release|Any CPU
		{DC34E229-F12D-461F-80AA-2474F0AA4FBF}.Release|Any CPU.Deploy.0 = Release|Any CPU
		{DC34E229-F12D-461F-80AA-2474F0AA4FBF}.Release|iPhone.ActiveCfg = Release|Any CPU
		{DC34E229-F12D-461F-80AA-2474F0AA4FBF}.Release|iPhone.Build.0 = Release|Any CPU
		{DC34E229-F12D-461F-80AA-2474F0AA4FBF}.Release|iPhone.Deploy.0 = Release|Any CPU
		{DC34E229-F12D-461F-80AA-2474F0AA4FBF}.Release|iPhoneSimulator.ActiveCfg = Release|Any CPU
		{DC34E229-F12D-461F-80AA-2474F0AA4FBF}.Release|iPhoneSimulator.Build.0 = Release|Any CPU
		{DC34E229-F12D-461F-80AA-2474F0AA4FBF}.Release|iPhoneSimulator.Deploy.0 = Release|Any CPU
	EndGlobalSection
	GlobalSection(SolutionProperties) = preSolution
		HideSolutionNode = FALSE
	EndGlobalSection
	GlobalSection(ExtensibilityGlobals) = postSolution
		SolutionGuid = {5D7073E1-1415-4A69-A7EC-233B9501BC8B}
	EndGlobalSection
EndGlobal
